
Microsoft Visual Studio Solution File, Format Version 12.00
# Visual Studio Version 17
VisualStudioVersion = 17.5.001.0
MinimumVisualStudioVersion = 10.0.40219.1
Project("{9A19103F-16F7-4668-BE54-9A1E7A4F7556}") = "Scheme.Tests", "Scheme.Tests\Scheme.Tests.csproj", "{84958863-05C7-4CB6-899D-D6938BBBB1CD}"
EndProject
Project("{9A19103F-16F7-4668-BE54-9A1E7A4F7556}") = "Scheme", "Scheme\Scheme.csproj", "{30209246-6B8F-4BD1-B21A-7ED10DD2D64F}"
EndProject
Project("{9A19103F-16F7-4668-BE54-9A1E7A4F7556}") = "Scheme.Repl", "Scheme.Repl\Scheme.Repl.csproj", "{409F696E-BA89-4507-8C15-24C8687469DE}"
EndProject
Global
	GlobalSection(SolutionConfigurationPlatforms) = preSolution
		Debug|Any CPU = Debug|Any CPU
		Release|Any CPU = Release|Any CPU
	EndGlobalSection
	GlobalSection(ProjectConfigurationPlatforms) = postSolution
		{84958863-05C7-4CB6-899D-D6938BBBB1CD}.Debug|Any CPU.ActiveCfg = Debug|Any CPU
		{84958863-05C7-4CB6-899D-D6938BBBB1CD}.Debug|Any CPU.Build.0 = Debug|Any CPU
		{84958863-05C7-4CB6-899D-D6938BBBB1CD}.Release|Any CPU.ActiveCfg = Release|Any CPU
		{84958863-05C7-4CB6-899D-D6938BBBB1CD}.Release|Any CPU.Build.0 = Release|Any CPU
		{30209246-6B8F-4BD1-B21A-7ED10DD2D64F}.Debug|Any CPU.ActiveCfg = Debug|Any CPU
		{30209246-6B8F-4BD1-B21A-7ED10DD2D64F}.Debug|Any CPU.Build.0 = Debug|Any CPU
		{30209246-6B8F-4BD1-B21A-7ED10DD2D64F}.Release|Any CPU.ActiveCfg = Release|Any CPU
		{30209246-6B8F-4BD1-B21A-7ED10DD2D64F}.Release|Any CPU.Build.0 = Release|Any CPU
		{409F696E-BA89-4507-8C15-24C8687469DE}.Debug|Any CPU.ActiveCfg = Debug|Any CPU
		{409F696E-BA89-4507-8C15-24C8687469DE}.Debug|Any CPU.Build.0 = Debug|Any CPU
		{409F696E-BA89-4507-8C15-24C8687469DE}.Release|Any CPU.ActiveCfg = Release|Any CPU
		{409F696E-BA89-4507-8C15-24C8687469DE}.Release|Any CPU.Build.0 = Release|Any CPU
	EndGlobalSection
	GlobalSection(SolutionProperties) = preSolution
		HideSolutionNode = FALSE
	EndGlobalSection
	GlobalSection(ExtensibilityGlobals) = postSolution
		SolutionGuid = {5AF9CEF5-3E3A-4259-8913-DDD4E1B41970}
	EndGlobalSection
EndGlobal
